
Microsoft Visual Studio Solution File, Format Version 12.00
# Visual Studio Version 16
VisualStudioVersion = 16.0.29209.62
MinimumVisualStudioVersion = 10.0.40219.1
Project("{FAE04EC0-301F-11D3-BF4B-00C04F79EFBC}") = "LINQtoCSV.Excel", "LINQtoCSV.Excel\LINQtoCSV.Excel.csproj", "{EDA4EB49-E7EE-42D3-8B80-0F4D548266A1}"
EndProject
Project("{9A19103F-16F7-4668-BE54-9A1E7A4F7556}") = "LINQtoCSV.Excel.Tests", "LINQtoCSV.Excel.Tests\LINQtoCSV.Excel.Tests.csproj", "{C568B369-2FAD-47D8-9C78-2E9B8F2E6F33}"
EndProject
Global
	GlobalSection(SolutionConfigurationPlatforms) = preSolution
		Debug|Any CPU = Debug|Any CPU
		Release|Any CPU = Release|Any CPU
	EndGlobalSection
	GlobalSection(ProjectConfigurationPlatforms) = postSolution
		{EDA4EB49-E7EE-42D3-8B80-0F4D548266A1}.Debug|Any CPU.ActiveCfg = Debug|Any CPU
		{EDA4EB49-E7EE-42D3-8B80-0F4D548266A1}.Debug|Any CPU.Build.0 = Debug|Any CPU
		{EDA4EB49-E7EE-42D3-8B80-0F4D548266A1}.Release|Any CPU.ActiveCfg = Release|Any CPU
		{EDA4EB49-E7EE-42D3-8B80-0F4D548266A1}.Release|Any CPU.Build.0 = Release|Any CPU
		{C568B369-2FAD-47D8-9C78-2E9B8F2E6F33}.Debug|Any CPU.ActiveCfg = Debug|Any CPU
		{C568B369-2FAD-47D8-9C78-2E9B8F2E6F33}.Debug|Any CPU.Build.0 = Debug|Any CPU
		{C568B369-2FAD-47D8-9C78-2E9B8F2E6F33}.Release|Any CPU.ActiveCfg = Release|Any CPU
		{C568B369-2FAD-47D8-9C78-2E9B8F2E6F33}.Release|Any CPU.Build.0 = Release|Any CPU
	EndGlobalSection
	GlobalSection(SolutionProperties) = preSolution
		HideSolutionNode = FALSE
	EndGlobalSection
	GlobalSection(ExtensibilityGlobals) = postSolution
		SolutionGuid = {328F7E24-581C-42BC-BCC6-406C135162BE}
	EndGlobalSection
EndGlobal
